{
    "_meta": {
        "hash": {
            "sha256": "6b03e80773a5c3189d52a8bcf3421e6f64349f50093e44b0bf9e6bdcfe720482"
        },
        "pipfile-spec": 6,
        "requires": {
            "python_full_version": "3.13.15",
            "python_version": "3.13"
        },
        "sources": [
            {
                "name": "pypi",
                "url": "https://pypi.org/simple",
                "verify_ssl": true
            }
        ]
    },
    "default": {},
    "develop": {}
}
